// !$*UTF8*$!
{
	archiveVersion = 1;
	classes = {
	};
	objectVersion = 46;
	objects = {

/* Begin PBXBuildFile section */
		5297087A1B02C56B00D172E2 /* AppDelegate.swift in Sources */ = {isa = PBXBuildFile; fileRef = 529708791B02C56B00D172E2 /* AppDelegate.swift */; };
		5297087C1B02C56B00D172E2 /* ViewController.swift in Sources */ = {isa = PBXBuildFile; fileRef = 5297087B1B02C56B00D172E2 /* ViewController.swift */; };
		5297087F1B02C56B00D172E2 /* Main.storyboard in Resources */ = {isa = PBXBuildFile; fileRef = 5297087D1B02C56B00D172E2 /* Main.storyboard */; };
		529708811B02C56B00D172E2 /* Images.xcassets in Resources */ = {isa = PBXBuildFile; fileRef = 529708801B02C56B00D172E2 /* Images.xcassets */; };
		529708841B02C56B00D172E2 /* LaunchScreen.xib in Resources */ = {isa = PBXBuildFile; fileRef = 529708821B02C56B00D172E2 /* LaunchScreen.xib */; };
		529708901B02C56B00D172E2 /* PostCardTests.swift in Sources */ = {isa = PBXBuildFile; fileRef = 5297088F1B02C56B00D172E2 /* PostCardTests.swift */; };
/* End PBXBuildFile section */

/* Begin PBXContainerItemProxy section */
		5297088A1B02C56B00D172E2 /* PBXContainerItemProxy */ = {
			isa = PBXContainerItemProxy;
			containerPortal = 5297086C1B02C56B00D172E2 /* Project object */;
			proxyType = 1;
			remoteGlobalIDString = 529708731B02C56B00D172E2;
			remoteInfo = PostCard;
		};
/* End PBXContainerItemProxy section */

/* Begin PBXFileReference section */
		529708741B02C56B00D172E2 /* PostCard.app */ = {isa = PBXFileReference; explicitFileType = wrapper.application; includeInIndex = 0; path = PostCard.app; sourceTree = BUILT_PRODUCTS_DIR; };
		529708781B02C56B00D172E2 /* Info.plist */ = {isa = PBXFileReference; lastKnownFileType = text.plist.xml; path = Info.plist; sourceTree = "<group>"; };
		529708791B02C56B00D172E2 /* AppDelegate.swift */ = {isa = PBXFileReference; lastKnownFileType = sourcecode.swift; path = AppDelegate.swift; sourceTree = "<group>"; };
		5297087B1B02C56B00D172E2 /* ViewController.swift */ = {isa = PBXFileReference; lastKnownFileType = sourcecode.swift; path = ViewController.swift; sourceTree = "<group>"; };
		5297087E1B02C56B00D172E2 /* Base */ = {isa = PBXFileReference; lastKnownFileType = file.storyboard; name = Base; path = Base.lproj/Main.storyboard; sourceTree = "<group>"; };
		529708801B02C56B00D172E2 /* Images.xcassets */ = {isa = PBXFileReference; lastKnownFileType = folder.assetcatalog; path = Images.xcassets; sourceTree = "<group>"; };
		529708831B02C56B00D172E2 /* Base */ = {isa = PBXFileReference; lastKnownFileType = file.xib; name = Base; path = Base.lproj/LaunchScreen.xib; sourceTree = "<group>"; };
		529708891B02C56B00D172E2 /* PostCardTests.xctest */ = {isa = PBXFileReference; explicitFileType = wrapper.cfbundle; includeInIndex = 0; path = PostCardTests.xctest; sourceTree = BUILT_PRODUCTS_DIR; };
		5297088E1B02C56B00D172E2 /* Info.plist */ = {isa = PBXFileReference; lastKnownFileType = text.plist.xml; path = Info.plist; sourceTree = "<group>"; };
		5297088F1B02C56B00D172E2 /* PostCardTests.swift */ = {isa = PBXFileReference; lastKnownFileType = sourcecode.swift; path = PostCardTests.swift; sourceTree = "<group>"; };
/* End PBXFileReference section */

/* Begin PBXFrameworksBuildPhase section */
		529708711B02C56B00D172E2 /* Frameworks */ = {
			isa = PBXFrameworksBuildPhase;
			buildActionMask = 2147483647;
			files = (
			);
			runOnlyForDeploymentPostprocessing = 0;
		};
		529708861B02C56B00D172E2 /* Frameworks */ = {
			isa = PBXFrameworksBuildPhase;
			buildActionMask = 2147483647;
			files = (
			);
			runOnlyForDeploymentPostprocessing = 0;
		};
/* End PBXFrameworksBuildPhase section */

/* Begin PBXGroup section */
		5297086B1B02C56B00D172E2 = {
			isa = PBXGroup;
			children = (
				529708761B02C56B00D172E2 /* PostCard */,
				5297088C1B02C56B00D172E2 /* PostCardTests */,
				529708751B02C56B00D172E2 /* Products */,
			);
			sourceTree = "<group>";
		};
		529708751B02C56B00D172E2 /* Products */ = {
			isa = PBXGroup;
			children = (
				529708741B02C56B00D172E2 /* PostCard.app */,
				529708891B02C56B00D172E2 /* PostCardTests.xctest */,
			);
			name = Products;
			sourceTree = "<group>";
		};
		529708761B02C56B00D172E2 /* PostCard */ = {
			isa = PBXGroup;
			children = (
				529708791B02C56B00D172E2 /* AppDelegate.swift */,
				5297087B1B02C56B00D172E2 /* ViewController.swift */,
				5297087D1B02C56B00D172E2 /* Main.storyboard */,
				529708801B02C56B00D172E2 /* Images.xcassets */,
				529708821B02C56B00D172E2 /* LaunchScreen.xib */,
				529708771B02C56B00D172E2 /* Supporting Files */,
			);
			path = PostCard;
			sourceTree = "<group>";
		};
		529708771B02C56B00D172E2 /* Supporting Files */ = {
			isa = PBXGroup;
			children = (
				529708781B02C56B00D172E2 /* Info.plist */,
			);
			name = "Supporting Files";
			sourceTree = "<group>";
		};
		5297088C1B02C56B00D172E2 /* PostCardTests */ = {
			isa = PBXGroup;
			children = (
				5297088F1B02C56B00D172E2 /* PostCardTests.swift */,
				5297088D1B02C56B00D172E2 /* Supporting Files */,
			);
			path = PostCardTests;
			sourceTree = "<group>";
		};
		5297088D1B02C56B00D172E2 /* Supporting Files */ = {
			isa = PBXGroup;
			children = (
				5297088E1B02C56B00D172E2 /* Info.plist */,
			);
			name = "Supporting Files";
			sourceTree = "<group>";
		};
/* End PBXGroup section */

/* Begin PBXNativeTarget section */
		529708731B02C56B00D172E2 /* PostCard */ = {
			isa = PBXNativeTarget;
			buildConfigurationList = 529708931B02C56B00D172E2 /* Build configuration list for PBXNativeTarget "PostCard" */;
			buildPhases = (
				529708701B02C56B00D172E2 /* Sources */,
				529708711B02C56B00D172E2 /* Frameworks */,
				529708721B02C56B00D172E2 /* Resources */,
			);
			buildRules = (
			);
			dependencies = (
			);
			name = PostCard;
			productName = PostCard;
			productReference = 529708741B02C56B00D172E2 /* PostCard.app */;
			productType = "com.apple.product-type.application";
		};
		529708881B02C56B00D172E2 /* PostCardTests */ = {
			isa = PBXNativeTarget;
			buildConfigurationList = 529708961B02C56B00D172E2 /* Build configuration list for PBXNativeTarget "PostCardTests" */;
			buildPhases = (
				529708851B02C56B00D172E2 /* Sources */,
				529708861B02C56B00D172E2 /* Frameworks */,
				529708871B02C56B00D172E2 /* Resources */,
			);
			buildRules = (
			);
			dependencies = (
				5297088B1B02C56B00D172E2 /* PBXTargetDependency */,
			);
			name = PostCardTests;
			productName = PostCardTests;
			productReference = 529708891B02C56B00D172E2 /* PostCardTests.xctest */;
			productType = "com.apple.product-type.bundle.unit-test";
		};
/* End PBXNativeTarget section */

/* Begin PBXProject section */
		5297086C1B02C56B00D172E2 /* Project object */ = {
			isa = PBXProject;
			attributes = {
				LastUpgradeCheck = 0630;
				ORGANIZATIONNAME = RegalsWeb;
				TargetAttributes = {
					529708731B02C56B00D172E2 = {
						CreatedOnToolsVersion = 6.3.1;
					};
					529708881B02C56B00D172E2 = {
						CreatedOnToolsVersion = 6.3.1;
						TestTargetID = 529708731B02C56B00D172E2;
					};
				};
			};
			buildConfigurationList = 5297086F1B02C56B00D172E2 /* Build configuration list for PBXProject "PostCard" */;
			compatibilityVersion = "Xcode 3.2";
			developmentRegion = English;
			hasScannedForEncodings = 0;
			knownRegions = (
				en,
				Base,
			);
			mainGroup = 5297086B1B02C56B00D172E2;
			productRefGroup = 529708751B02C56B00D172E2 /* Products */;
			projectDirPath = "";
			projectRoot = "";
			targets = (
				529708731B02C56B00D172E2 /* PostCard */,
				529708881B02C56B00D172E2 /* PostCardTests */,
			);
		};
/* End PBXProject section */

/* Begin PBXResourcesBuildPhase section */
		529708721B02C56B00D172E2 /* Resources */ = {
			isa = PBXResourcesBuildPhase;
			buildActionMask = 2147483647;
			files = (
				5297087F1B02C56B00D172E2 /* Main.storyboard in Resources */,
				529708841B02C56B00D172E2 /* LaunchScreen.xib in Resources */,
				529708811B02C56B00D172E2 /* Images.xcassets in Resources */,
			);
			runOnlyForDeploymentPostprocessing = 0;
		};
		529708871B02C56B00D172E2 /* Resources */ = {
			isa = PBXResourcesBuildPhase;
			buildActionMask = 2147483647;
			files = (
			);
			runOnlyForDeploymentPostprocessing = 0;
		};
/* End PBXResourcesBuildPhase section */

/* Begin PBXSourcesBuildPhase section */
		529708701B02C56B00D172E2 /* Sources */ = {
			isa = PBXSourcesBuildPhase;
			buildActionMask = 2147483647;
			files = (
				5297087C1B02C56B00D172E2 /* ViewController.swift in Sources */,
				5297087A1B02C56B00D172E2 /* AppDelegate.swift in Sources */,
			);
			runOnlyForDeploymentPostprocessing = 0;
		};
		529708851B02C56B00D172E2 /* Sources */ = {
			isa = PBXSourcesBuildPhase;
			buildActionMask = 2147483647;
			files = (
				529708901B02C56B00D172E2 /* PostCardTests.swift in Sources */,
			);
			runOnlyForDeploymentPostprocessing = 0;
		};
/* End PBXSourcesBuildPhase section */

/* Begin PBXTargetDependency section */
		5297088B1B02C56B00D172E2 /* PBXTargetDependency */ = {
			isa = PBXTargetDependency;
			target = 529708731B02C56B00D172E2 /* PostCard */;
			targetProxy = 5297088A1B02C56B00D172E2 /* PBXContainerItemProxy */;
		};
/* End PBXTargetDependency section */

/* Begin PBXVariantGroup section */
		5297087D1B02C56B00D172E2 /* Main.storyboard */ = {
			isa = PBXVariantGroup;
			children = (
				5297087E1B02C56B00D172E2 /* Base */,
			);
			name = Main.storyboard;
			sourceTree = "<group>";
		};
		529708821B02C56B00D172E2 /* LaunchScreen.xib */ = {
			isa = PBXVariantGroup;
			children = (
				529708831B02C56B00D172E2 /* Base */,
			);
			name = LaunchScreen.xib;
			sourceTree = "<group>";
		};
/* End PBXVariantGroup section */

/* Begin XCBuildConfiguration section */
		529708911B02C56B00D172E2 /* Debug */ = {
			isa = XCBuildConfiguration;
			buildSettings = {
				ALWAYS_SEARCH_USER_PATHS = NO;
				CLANG_CXX_LANGUAGE_STANDARD = "gnu++0x";
				CLANG_CXX_LIBRARY = "libc++";
				CLANG_ENABLE_MODULES = YES;
				CLANG_ENABLE_OBJC_ARC = YES;
				CLANG_WARN_BOOL_CONVERSION = YES;
				CLANG_WARN_CONSTANT_CONVERSION = YES;
				CLANG_WARN_DIRECT_OBJC_ISA_USAGE = YES_ERROR;
				CLANG_WARN_EMPTY_BODY = YES;
				CLANG_WARN_ENUM_CONVERSION = YES;
				CLANG_WARN_INT_CONVERSION = YES;
				CLANG_WARN_OBJC_ROOT_CLASS = YES_ERROR;
				CLANG_WARN_UNREACHABLE_CODE = YES;
				CLANG_WARN__DUPLICATE_METHOD_MATCH = YES;
				"CODE_SIGN_IDENTITY[sdk=iphoneos*]" = "iPhone Developer";
				COPY_PHASE_STRIP = NO;
				DEBUG_INFORMATION_FORMAT = "dwarf-with-dsym";
				ENABLE_STRICT_OBJC_MSGSEND = YES;
				GCC_C_LANGUAGE_STANDARD = gnu99;
				GCC_DYNAMIC_NO_PIC = NO;
				GCC_NO_COMMON_BLOCKS = YES;
				GCC_OPTIMIZATION_LEVEL = 0;
				GCC_PREPROCESSOR_DEFINITIONS = (
					"DEBUG=1",
					"$(inherited)",
				);
				GCC_SYMBOLS_PRIVATE_EXTERN = NO;
				GCC_WARN_64_TO_32_BIT_CONVERSION = YES;
				GCC_WARN_ABOUT_RETURN_TYPE = YES_ERROR;
				GCC_WARN_UNDECLARED_SELECTOR = YES;
				GCC_WARN_UNINITIALIZED_AUTOS = YES_AGGRESSIVE;
				GCC_WARN_UNUSED_FUNCTION = YES;
				GCC_WARN_UNUSED_VARIABLE = YES;
				IPHONEOS_DEPLOYMENT_TARGET = 8.3;
				MTL_ENABLE_DEBUG_INFO = YES;
				ONLY_ACTIVE_ARCH = YES;
				SDKROOT = iphoneos;
				SWIFT_OPTIMIZATION_LEVEL = "-Onone";
				TARGETED_DEVICE_FAMILY = "1,2";
			};
			name = Debug;
		};
		529708921B02C56B00D172E2 /* Release */ = {
			isa = XCBuildConfiguration;
			buildSettings = {
				ALWAYS_SEARCH_USER_PATHS = NO;
				CLANG_CXX_LANGUAGE_STANDARD = "gnu++0x";
				CLANG_CXX_LIBRARY = "libc++";
				CLANG_ENABLE_MODULES = YES;
				CLANG_ENABLE_OBJC_ARC = YES;
				CLANG_WARN_BOOL_CONVERSION = YES;
				CLANG_WARN_CONSTANT_CONVERSION = YES;
				CLANG_WARN_DIRECT_OBJC_ISA_USAGE = YES_ERROR;
				CLANG_WARN_EMPTY_BODY = YES;
				CLANG_WARN_ENUM_CONVERSION = YES;
				CLANG_WARN_INT_CONVERSION = YES;
				CLANG_WARN_OBJC_ROOT_CLASS = YES_ERROR;
				CLANG_WARN_UNREACHABLE_CODE = YES;
				CLANG_WARN__DUPLICATE_METHOD_MATCH = YES;
				"CODE_SIGN_IDENTITY[sdk=iphoneos*]" = "iPhone Developer";
				COPY_PHASE_STRIP = NO;
				DEBUG_INFORMATION_FORMAT = "dwarf-with-dsym";
				ENABLE_NS_ASSERTIONS = NO;
				ENABLE_STRICT_OBJC_MSGSEND = YES;
				GCC_C_LANGUAGE_STANDARD = gnu99;
				GCC_NO_COMMON_BLOCKS = YES;
				GCC_WARN_64_TO_32_BIT_CONVERSION = YES;
				GCC_WARN_ABOUT_RETURN_TYPE = YES_ERROR;
				GCC_WARN_UNDECLARED_SELECTOR = YES;
				GCC_WARN_UNINITIALIZED_AUTOS = YES_AGGRESSIVE;
				GCC_WARN_UNUSED_FUNCTION = YES;
				GCC_WARN_UNUSED_VARIABLE = YES;
				IPHONEOS_DEPLOYMENT_TARGET = 8.3;
				MTL_ENABLE_DEBUG_INFO = NO;
				SDKROOT = iphoneos;
				TARGETED_DEVICE_FAMILY = "1,2";
				VALIDATE_PRODUCT = YES;
			};
			name = Release;
		};
		529708941B02C56B00D172E2 /* Debug */ = {
			isa = XCBuildConfiguration;
			buildSettings = {
				ASSETCATALOG_COMPILER_APPICON_NAME = AppIcon;
				INFOPLIST_FILE = PostCard/Info.plist;
				LD_RUNPATH_SEARCH_PATHS = "$(inherited) @executable_path/Frameworks";
				PRODUCT_NAME = "$(TARGET_NAME)";
			};
			name = Debug;
		};
		529708951B02C56B00D172E2 /* Release */ = {
			isa = XCBuildConfiguration;
			buildSettings = {
				ASSETCATALOG_COMPILER_APPICON_NAME = AppIcon;
				INFOPLIST_FILE = PostCard/Info.plist;
				LD_RUNPATH_SEARCH_PATHS = "$(inherited) @executable_path/Frameworks";
				PRODUCT_NAME = "$(TARGET_NAME)";
			};
			name = Release;
		};
		529708971B02C56B00D172E2 /* Debug */ = {
			isa = XCBuildConfiguration;
			buildSettings = {
				BUNDLE_LOADER = "$(TEST_HOST)";
				FRAMEWORK_SEARCH_PATHS = (
					"$(SDKROOT)/Developer/Library/Frameworks",
					"$(inherited)",
				);
				GCC_PREPROCESSOR_DEFINITIONS = (
					"DEBUG=1",
					"$(inherited)",
				);
				INFOPLIST_FILE = PostCardTests/Info.plist;
				LD_RUNPATH_SEARCH_PATHS = "$(inherited) @executable_path/Frameworks @loader_path/Frameworks";
				PRODUCT_NAME = "$(TARGET_NAME)";
				TEST_HOST = "$(BUILT_PRODUCTS_DIR)/PostCard.app/PostCard";
			};
			name = Debug;
		};
		529708981B02C56B00D172E2 /* Release */ = {
			isa = XCBuildConfiguration;
			buildSettings = {
				BUNDLE_LOADER = "$(TEST_HOST)";
				FRAMEWORK_SEARCH_PATHS = (
					"$(SDKROOT)/Developer/Library/Frameworks",
					"$(inherited)",
				);
				INFOPLIST_FILE = PostCardTests/Info.plist;
				LD_RUNPATH_SEARCH_PATHS = "$(inherited) @executable_path/Frameworks @loader_path/Frameworks";
				PRODUCT_NAME = "$(TARGET_NAME)";
				TEST_HOST = "$(BUILT_PRODUCTS_DIR)/PostCard.app/PostCard";
			};
			name = Release;
		};
/* End XCBuildConfiguration section */

/* Begin XCConfigurationList section */
		5297086F1B02C56B00D172E2 /* Build configuration list for PBXProject "PostCard" */ = {
			isa = XCConfigurationList;
			buildConfigurations = (
				529708911B02C56B00D172E2 /* Debug */,
				529708921B02C56B00D172E2 /* Release */,
			);
			defaultConfigurationIsVisible = 0;
			defaultConfigurationName = Release;
		};
		529708931B02C56B00D172E2 /* Build configuration list for PBXNativeTarget "PostCard" */ = {
			isa = XCConfigurationList;
			buildConfigurations = (
				529708941B02C56B00D172E2 /* Debug */,
				529708951B02C56B00D172E2 /* Release */,
			);
			defaultConfigurationIsVisible = 0;
		};
		529708961B02C56B00D172E2 /* Build configuration list for PBXNativeTarget "PostCardTests" */ = {
			isa = XCConfigurationList;
			buildConfigurations = (
				529708971B02C56B00D172E2 /* Debug */,
				529708981B02C56B00D172E2 /* Release */,
			);
			defaultConfigurationIsVisible = 0;
		};
/* End XCConfigurationList section */
	};
	rootObject = 5297086C1B02C56B00D172E2 /* Project object */;
}
